
Microsoft Visual Studio Solution File, Format Version 12.00
# Visual Studio Version 17
VisualStudioVersion = 17.4.33205.214
MinimumVisualStudioVersion = 10.0.40219.1
Project("{FAE04EC0-301F-11D3-BF4B-00C04F79EFBC}") = "Nhom07", "Nhom07\Nhom07.csproj", "{504D36EF-FC27-41D5-9263-9A22BDF2F4C3}"
EndProject
Global
	GlobalSection(SolutionConfigurationPlatforms) = preSolution
		Debug|Any CPU = Debug|Any CPU
		Release|Any CPU = Release|Any CPU
	EndGlobalSection
	GlobalSection(ProjectConfigurationPlatforms) = postSolution
		{504D36EF-FC27-41D5-9263-9A22BDF2F4C3}.Debug|Any CPU.ActiveCfg = Debug|Any CPU
		{504D36EF-FC27-41D5-9263-9A22BDF2F4C3}.Debug|Any CPU.Build.0 = Debug|Any CPU
		{504D36EF-FC27-41D5-9263-9A22BDF2F4C3}.Release|Any CPU.ActiveCfg = Release|Any CPU
		{504D36EF-FC27-41D5-9263-9A22BDF2F4C3}.Release|Any CPU.Build.0 = Release|Any CPU
	EndGlobalSection
	GlobalSection(SolutionProperties) = preSolution
		HideSolutionNode = FALSE
	EndGlobalSection
	GlobalSection(ExtensibilityGlobals) = postSolution
		SolutionGuid = {412B0BD3-6BB8-4AF9-A8CC-6F17A92B76EF}
	EndGlobalSection
EndGlobal
